
Microsoft Visual Studio Solution File, Format Version 12.00
# Visual Studio Version 16
VisualStudioVersion = 16.0.30114.105
MinimumVisualStudioVersion = 10.0.40219.1
Project("{FAE04EC0-301F-11D3-BF4B-00C04F79EFBC}") = "APICodeFirst", "APICodeFirst.csproj", "{96B5A06E-C4E4-4423-A0FE-2C09BF32EE90}"
EndProject
Global
	GlobalSection(SolutionConfigurationPlatforms) = preSolution
		Debug|Any CPU = Debug|Any CPU
		Release|Any CPU = Release|Any CPU
	EndGlobalSection
	GlobalSection(ProjectConfigurationPlatforms) = postSolution
		{96B5A06E-C4E4-4423-A0FE-2C09BF32EE90}.Debug|Any CPU.ActiveCfg = Debug|Any CPU
		{96B5A06E-C4E4-4423-A0FE-2C09BF32EE90}.Debug|Any CPU.Build.0 = Debug|Any CPU
		{96B5A06E-C4E4-4423-A0FE-2C09BF32EE90}.Release|Any CPU.ActiveCfg = Release|Any CPU
		{96B5A06E-C4E4-4423-A0FE-2C09BF32EE90}.Release|Any CPU.Build.0 = Release|Any CPU
	EndGlobalSection
	GlobalSection(SolutionProperties) = preSolution
		HideSolutionNode = FALSE
	EndGlobalSection
	GlobalSection(ExtensibilityGlobals) = postSolution
		SolutionGuid = {0F44D8FD-953F-41B9-8EC3-FBA322820A87}
	EndGlobalSection
EndGlobal
